
Microsoft Visual Studio Solution File, Format Version 12.00
# Visual Studio Version 16
VisualStudioVersion = 16.0.30413.136
MinimumVisualStudioVersion = 10.0.40219.1
Project("{FAE04EC0-301F-11D3-BF4B-00C04F79EFBC}") = "SW.VideoUploadService.TacticalSolutionApp", "SW.VideoUploadService.TacticalSolutionApp.csproj", "{665DB9CF-C729-41C5-A81C-62630C770131}"
EndProject
Global
	GlobalSection(SolutionConfigurationPlatforms) = preSolution
		Debug|Any CPU = Debug|Any CPU
		Release|Any CPU = Release|Any CPU
	EndGlobalSection
	GlobalSection(ProjectConfigurationPlatforms) = postSolution
		{665DB9CF-C729-41C5-A81C-62630C770131}.Debug|Any CPU.ActiveCfg = Debug|Any CPU
		{665DB9CF-C729-41C5-A81C-62630C770131}.Debug|Any CPU.Build.0 = Debug|Any CPU
		{665DB9CF-C729-41C5-A81C-62630C770131}.Release|Any CPU.ActiveCfg = Release|Any CPU
		{665DB9CF-C729-41C5-A81C-62630C770131}.Release|Any CPU.Build.0 = Release|Any CPU
	EndGlobalSection
	GlobalSection(SolutionProperties) = preSolution
		HideSolutionNode = FALSE
	EndGlobalSection
	GlobalSection(ExtensibilityGlobals) = postSolution
		SolutionGuid = {E372103E-515D-4661-916C-4E88CAFEFA6B}
	EndGlobalSection
EndGlobal
